Microsoft Visual Studio Solution File, Format Version 12.00
# Visual Studio Version 17
VisualStudioVersion = 17.14.35906.104
MinimumVisualStudioVersion = 10.0.40219.1
Project("{2150E333-8FDC-42A3-9474-1A3956D46DE8}") = "ApiGateways", "ApiGateways", "{02EA681E-C7D8-13C7-8484-4AC65E1B71E8}"
EndProject
Project("{2150E333-8FDC-42A3-9474-1A3956D46DE8}") = "BackEndServices", "BackEndServices", "{4DF31BD8-88C4-4EE6-A871-CE1F60F47C94}"
EndProject
Project("{2150E333-8FDC-42A3-9474-1A3956D46DE8}") = "FrontEndServices", "FrontEndServices", "{4034B87E-AA59-4F2C-A17E-CBD241E5E68A}"
EndProject
Project("{2150E333-8FDC-42A3-9474-1A3956D46DE8}") = "Pipelines", "Pipelines", "{19871CCF-C3CE-4BF0-8870-D554CA836DD2}"
EndProject
Project("{2150E333-8FDC-42A3-9474-1A3956D46DE8}") = "AuthService", "AuthService", "{9CDDB1CB-693B-44E8-827F-57C2398E2C9B}"
EndProject
Project("{FAE04EC0-301F-11D3-BF4B-00C04F79EFBC}") = "OcelotApiGateway", "ApiGateways\OcelotApiGateway\OcelotApiGateway.csproj", "{9530B408-C9BB-4AD9-874E-A38438194809}"
EndProject
Project("{FAE04EC0-301F-11D3-BF4B-00C04F79EFBC}") = "Eshop_Webapp", "FrontEndServices\EShop_Web\Eshop_Webapp\Eshop_Webapp.csproj", "{91DC234D-3853-498A-8747-C7CA10FB578A}"
EndProject
Project("{FAE04EC0-301F-11D3-BF4B-00C04F79EFBC}") = "EShop_Support", "FrontEndServices\EShop_Support\EShop_Support.csproj", "{BE7A73F8-0778-4F96-BEBC-C3B2E9F42A86}"
EndProject
Project("{FAE04EC0-301F-11D3-BF4B-00C04F79EFBC}") = "AuthService.API", "BackEndServices\AuthService\AuthService.API\AuthService.API.csproj", "{C31183BE-F61D-E47D-76E9-23B6005F2B79}"
EndProject
Project("{FAE04EC0-301F-11D3-BF4B-00C04F79EFBC}") = "AuthService.Application", "BackEndServices\AuthService\AuthService.Application\AuthService.Application.csproj", "{4240D97D-07A3-1BAC-DF10-06BD440FA388}"
EndProject
Project("{FAE04EC0-301F-11D3-BF4B-00C04F79EFBC}") = "AuthService.Domain", "BackEndServices\AuthService\AuthService.Domain\AuthService.Domain.csproj", "{728289E5-A272-0C88-A6D4-0F3A238374FB}"
EndProject
Project("{FAE04EC0-301F-11D3-BF4B-00C04F79EFBC}") = "AuthService.Infrastructure", "BackEndServices\AuthService\AuthService.Infrastructure\AuthService.Infrastructure.csproj", "{263BE117-38D7-DB73-35F3-0A1F57899F52}"
EndProject
Project("{2150E333-8FDC-42A3-9474-1A3956D46DE8}") = "CatalogService", "CatalogService", "{1E66B7B3-187B-4AB6-A6DC-28718895F556}"
EndProject
Project("{FAE04EC0-301F-11D3-BF4B-00C04F79EFBC}") = "CatalogService.Domain", "BackEndServices\CatalogService\CatalogService.Domain\CatalogService.Domain.csproj", "{5E3C10E8-300C-4B23-8866-19F85F6C583B}"
EndProject
Project("{FAE04EC0-301F-11D3-BF4B-00C04F79EFBC}") = "CatalogService.Application", "BackEndServices\CatalogService\CatalogService.Application\CatalogService.Application.csproj", "{5BAD0AF4-CD48-4789-A0E9-1A9D03E889DE}"
EndProject
Project("{FAE04EC0-301F-11D3-BF4B-00C04F79EFBC}") = "CatalogService.Infrastructure", "BackEndServices\CatalogService\CatalogService.Infrastructure\CatalogService.Infrastructure.csproj", "{05D51DE4-4BD2-4DC3-88DD-A21C4FBC6CDF}"
EndProject
Project("{FAE04EC0-301F-11D3-BF4B-00C04F79EFBC}") = "CatalogService.API", "BackEndServices\CatalogService\CatalogService.API\CatalogService.API.csproj", "{FF61E6C3-E944-4009-8A33-04267471D30A}"
EndProject
Project("{2150E333-8FDC-42A3-9474-1A3956D46DE8}") = "CartService", "CartService", "{C1C02951-83CA-475D-994C-3C9D0BD81760}"
EndProject
Project("{FAE04EC0-301F-11D3-BF4B-00C04F79EFBC}") = "CartService.Domain", "BackEndServices\CartService\CartService.Domain\CartService.Domain.csproj", "{1930122D-6EBD-493B-A7AD-950931A2B52D}"
EndProject
Project("{FAE04EC0-301F-11D3-BF4B-00C04F79EFBC}") = "CartService.Infrastructure", "BackEndServices\CartService\CartService.Infrastructure\CartService.Infrastructure.csproj", "{4D84F79F-8748-4C02-A52E-A2F00B86B9EA}"
EndProject
Project("{FAE04EC0-301F-11D3-BF4B-00C04F79EFBC}") = "CartService.Application", "BackEndServices\CartService\CartService.Application\CartService.Application.csproj", "{1F7BCE5F-970E-460E-B2D9-F49DC4F240F4}"
EndProject
Project("{FAE04EC0-301F-11D3-BF4B-00C04F79EFBC}") = "CartService.API", "BackEndServices\CartService\CartService.API\CartService.API.csproj", "{607BAFA2-C727-41CA-958D-82E76A76106A}"
EndProject
Global
	GlobalSection(SolutionConfigurationPlatforms) = preSolution
		Debug|Any CPU = Debug|Any CPU
		Release|Any CPU = Release|Any CPU
	EndGlobalSection
	GlobalSection(ProjectConfigurationPlatforms) = postSolution
		{9530B408-C9BB-4AD9-874E-A38438194809}.Debug|Any CPU.ActiveCfg = Debug|Any CPU
		{9530B408-C9BB-4AD9-874E-A38438194809}.Debug|Any CPU.Build.0 = Debug|Any CPU
		{9530B408-C9BB-4AD9-874E-A38438194809}.Release|Any CPU.ActiveCfg = Release|Any CPU
		{9530B408-C9BB-4AD9-874E-A38438194809}.Release|Any CPU.Build.0 = Release|Any CPU
		{91DC234D-3853-498A-8747-C7CA10FB578A}.Debug|Any CPU.ActiveCfg = Debug|Any CPU
		{91DC234D-3853-498A-8747-C7CA10FB578A}.Debug|Any CPU.Build.0 = Debug|Any CPU
		{91DC234D-3853-498A-8747-C7CA10FB578A}.Release|Any CPU.ActiveCfg = Release|Any CPU
		{91DC234D-3853-498A-8747-C7CA10FB578A}.Release|Any CPU.Build.0 = Release|Any CPU
		{BE7A73F8-0778-4F96-BEBC-C3B2E9F42A86}.Debug|Any CPU.ActiveCfg = Debug|Any CPU
		{BE7A73F8-0778-4F96-BEBC-C3B2E9F42A86}.Debug|Any CPU.Build.0 = Debug|Any CPU
		{BE7A73F8-0778-4F96-BEBC-C3B2E9F42A86}.Release|Any CPU.ActiveCfg = Release|Any CPU
		{BE7A73F8-0778-4F96-BEBC-C3B2E9F42A86}.Release|Any CPU.Build.0 = Release|Any CPU
		{C31183BE-F61D-E47D-76E9-23B6005F2B79}.Debug|Any CPU.ActiveCfg = Debug|Any CPU
		{C31183BE-F61D-E47D-76E9-23B6005F2B79}.Debug|Any CPU.Build.0 = Debug|Any CPU
		{C31183BE-F61D-E47D-76E9-23B6005F2B79}.Release|Any CPU.ActiveCfg = Release|Any CPU
		{C31183BE-F61D-E47D-76E9-23B6005F2B79}.Release|Any CPU.Build.0 = Release|Any CPU
		{4240D97D-07A3-1BAC-DF10-06BD440FA388}.Debug|Any CPU.ActiveCfg = Debug|Any CPU
		{4240D97D-07A3-1BAC-DF10-06BD440FA388}.Debug|Any CPU.Build.0 = Debug|Any CPU
		{4240D97D-07A3-1BAC-DF10-06BD440FA388}.Release|Any CPU.ActiveCfg = Release|Any CPU
		{4240D97D-07A3-1BAC-DF10-06BD440FA388}.Release|Any CPU.Build.0 = Release|Any CPU
		{728289E5-A272-0C88-A6D4-0F3A238374FB}.Debug|Any CPU.ActiveCfg = Debug|Any CPU
		{728289E5-A272-0C88-A6D4-0F3A238374FB}.Debug|Any CPU.Build.0 = Debug|Any CPU
		{728289E5-A272-0C88-A6D4-0F3A238374FB}.Release|Any CPU.ActiveCfg = Release|Any CPU
		{728289E5-A272-0C88-A6D4-0F3A238374FB}.Release|Any CPU.Build.0 = Release|Any CPU
		{263BE117-38D7-DB73-35F3-0A1F57899F52}.Debug|Any CPU.ActiveCfg = Debug|Any CPU
		{263BE117-38D7-DB73-35F3-0A1F57899F52}.Debug|Any CPU.Build.0 = Debug|Any CPU
		{263BE117-38D7-DB73-35F3-0A1F57899F52}.Release|Any CPU.ActiveCfg = Release|Any CPU
		{263BE117-38D7-DB73-35F3-0A1F57899F52}.Release|Any CPU.Build.0 = Release|Any CPU
		{5E3C10E8-300C-4B23-8866-19F85F6C583B}.Debug|Any CPU.ActiveCfg = Debug|Any CPU
		{5E3C10E8-300C-4B23-8866-19F85F6C583B}.Debug|Any CPU.Build.0 = Debug|Any CPU
		{5E3C10E8-300C-4B23-8866-19F85F6C583B}.Release|Any CPU.ActiveCfg = Release|Any CPU
		{5E3C10E8-300C-4B23-8866-19F85F6C583B}.Release|Any CPU.Build.0 = Release|Any CPU
		{5BAD0AF4-CD48-4789-A0E9-1A9D03E889DE}.Debug|Any CPU.ActiveCfg = Debug|Any CPU
		{5BAD0AF4-CD48-4789-A0E9-1A9D03E889DE}.Debug|Any CPU.Build.0 = Debug|Any CPU
		{5BAD0AF4-CD48-4789-A0E9-1A9D03E889DE}.Release|Any CPU.ActiveCfg = Release|Any CPU
		{5BAD0AF4-CD48-4789-A0E9-1A9D03E889DE}.Release|Any CPU.Build.0 = Release|Any CPU
		{05D51DE4-4BD2-4DC3-88DD-A21C4FBC6CDF}.Debug|Any CPU.ActiveCfg = Debug|Any CPU
		{05D51DE4-4BD2-4DC3-88DD-A21C4FBC6CDF}.Debug|Any CPU.Build.0 = Debug|Any CPU
		{05D51DE4-4BD2-4DC3-88DD-A21C4FBC6CDF}.Release|Any CPU.ActiveCfg = Release|Any CPU
		{05D51DE4-4BD2-4DC3-88DD-A21C4FBC6CDF}.Release|Any CPU.Build.0 = Release|Any CPU
		{FF61E6C3-E944-4009-8A33-04267471D30A}.Debug|Any CPU.ActiveCfg = Debug|Any CPU
		{FF61E6C3-E944-4009-8A33-04267471D30A}.Debug|Any CPU.Build.0 = Debug|Any CPU
		{FF61E6C3-E944-4009-8A33-04267471D30A}.Release|Any CPU.ActiveCfg = Release|Any CPU
		{FF61E6C3-E944-4009-8A33-04267471D30A}.Release|Any CPU.Build.0 = Release|Any CPU
		{1930122D-6EBD-493B-A7AD-950931A2B52D}.Debug|Any CPU.ActiveCfg = Debug|Any CPU
		{1930122D-6EBD-493B-A7AD-950931A2B52D}.Debug|Any CPU.Build.0 = Debug|Any CPU
		{1930122D-6EBD-493B-A7AD-950931A2B52D}.Release|Any CPU.ActiveCfg = Release|Any CPU
		{1930122D-6EBD-493B-A7AD-950931A2B52D}.Release|Any CPU.Build.0 = Release|Any CPU
		{4D84F79F-8748-4C02-A52E-A2F00B86B9EA}.Debug|Any CPU.ActiveCfg = Debug|Any CPU
		{4D84F79F-8748-4C02-A52E-A2F00B86B9EA}.Debug|Any CPU.Build.0 = Debug|Any CPU
		{4D84F79F-8748-4C02-A52E-A2F00B86B9EA}.Release|Any CPU.ActiveCfg = Release|Any CPU
		{4D84F79F-8748-4C02-A52E-A2F00B86B9EA}.Release|Any CPU.Build.0 = Release|Any CPU
		{1F7BCE5F-970E-460E-B2D9-F49DC4F240F4}.Debug|Any CPU.ActiveCfg = Debug|Any CPU
		{1F7BCE5F-970E-460E-B2D9-F49DC4F240F4}.Debug|Any CPU.Build.0 = Debug|Any CPU
		{1F7BCE5F-970E-460E-B2D9-F49DC4F240F4}.Release|Any CPU.ActiveCfg = Release|Any CPU
		{1F7BCE5F-970E-460E-B2D9-F49DC4F240F4}.Release|Any CPU.Build.0 = Release|Any CPU
		{607BAFA2-C727-41CA-958D-82E76A76106A}.Debug|Any CPU.ActiveCfg = Debug|Any CPU
		{607BAFA2-C727-41CA-958D-82E76A76106A}.Debug|Any CPU.Build.0 = Debug|Any CPU
		{607BAFA2-C727-41CA-958D-82E76A76106A}.Release|Any CPU.ActiveCfg = Release|Any CPU
		{607BAFA2-C727-41CA-958D-82E76A76106A}.Release|Any CPU.Build.0 = Release|Any CPU
	EndGlobalSection
	GlobalSection(SolutionProperties) = preSolution
		HideSolutionNode = FALSE
	EndGlobalSection
	GlobalSection(NestedProjects) = preSolution
		{9CDDB1CB-693B-44E8-827F-57C2398E2C9B} = {4DF31BD8-88C4-4EE6-A871-CE1F60F47C94}
		{9530B408-C9BB-4AD9-874E-A38438194809} = {02EA681E-C7D8-13C7-8484-4AC65E1B71E8}
		{91DC234D-3853-498A-8747-C7CA10FB578A} = {4034B87E-AA59-4F2C-A17E-CBD241E5E68A}
		{BE7A73F8-0778-4F96-BEBC-C3B2E9F42A86} = {4034B87E-AA59-4F2C-A17E-CBD241E5E68A}
		{C31183BE-F61D-E47D-76E9-23B6005F2B79} = {9CDDB1CB-693B-44E8-827F-57C2398E2C9B}
		{4240D97D-07A3-1BAC-DF10-06BD440FA388} = {9CDDB1CB-693B-44E8-827F-57C2398E2C9B}
		{728289E5-A272-0C88-A6D4-0F3A238374FB} = {9CDDB1CB-693B-44E8-827F-57C2398E2C9B}
		{263BE117-38D7-DB73-35F3-0A1F57899F52} = {9CDDB1CB-693B-44E8-827F-57C2398E2C9B}
		{1E66B7B3-187B-4AB6-A6DC-28718895F556} = {4DF31BD8-88C4-4EE6-A871-CE1F60F47C94}
		{5E3C10E8-300C-4B23-8866-19F85F6C583B} = {1E66B7B3-187B-4AB6-A6DC-28718895F556}
		{5BAD0AF4-CD48-4789-A0E9-1A9D03E889DE} = {1E66B7B3-187B-4AB6-A6DC-28718895F556}
		{05D51DE4-4BD2-4DC3-88DD-A21C4FBC6CDF} = {1E66B7B3-187B-4AB6-A6DC-28718895F556}
		{FF61E6C3-E944-4009-8A33-04267471D30A} = {1E66B7B3-187B-4AB6-A6DC-28718895F556}
		{C1C02951-83CA-475D-994C-3C9D0BD81760} = {4DF31BD8-88C4-4EE6-A871-CE1F60F47C94}
		{1930122D-6EBD-493B-A7AD-950931A2B52D} = {C1C02951-83CA-475D-994C-3C9D0BD81760}
		{4D84F79F-8748-4C02-A52E-A2F00B86B9EA} = {C1C02951-83CA-475D-994C-3C9D0BD81760}
		{1F7BCE5F-970E-460E-B2D9-F49DC4F240F4} = {C1C02951-83CA-475D-994C-3C9D0BD81760}
		{607BAFA2-C727-41CA-958D-82E76A76106A} = {C1C02951-83CA-475D-994C-3C9D0BD81760}
	EndGlobalSection
	GlobalSection(ExtensibilityGlobals) = postSolution
		SolutionGuid = {0B447D20-85F0-42FC-9316-E6D0E8CA5531}
	EndGlobalSection
EndGlobal
