Microsoft Visual Studio Solution File, Format Version 12.00
# Visual Studio Version 17
VisualStudioVersion = 17.14.35906.104
MinimumVisualStudioVersion = 10.0.40219.1
Project("{2150E333-8FDC-42A3-9474-1A3956D46DE8}") = "ApiGateways", "ApiGateways", "{02EA681E-C7D8-13C7-8484-4AC65E1B71E8}"
EndProject
Project("{2150E333-8FDC-42A3-9474-1A3956D46DE8}") = "BackEndServices", "BackEndServices", "{4DF31BD8-88C4-4EE6-A871-CE1F60F47C94}"
EndProject
Project("{2150E333-8FDC-42A3-9474-1A3956D46DE8}") = "FrontEndServices", "FrontEndServices", "{4034B87E-AA59-4F2C-A17E-CBD241E5E68A}"
EndProject
Project("{2150E333-8FDC-42A3-9474-1A3956D46DE8}") = "Pipelines", "Pipelines", "{19871CCF-C3CE-4BF0-8870-D554CA836DD2}"
EndProject
Project("{2150E333-8FDC-42A3-9474-1A3956D46DE8}") = "AuthService", "AuthService", "{9CDDB1CB-693B-44E8-827F-57C2398E2C9B}"
EndProject
Project("{FAE04EC0-301F-11D3-BF4B-00C04F79EFBC}") = "AuthService.API", "BackEndServices\AuthService.API\AuthService.API.csproj", "{3EABC37B-5FA1-429C-94F1-029FE59D7CB3}"
EndProject
Project("{FAE04EC0-301F-11D3-BF4B-00C04F79EFBC}") = "AuthService.Domain", "BackEndServices\AuthService.Domain\AuthService.Domain.csproj", "{593EDB07-DD81-4DD0-A9A9-77EEB6F7260E}"
EndProject
Project("{FAE04EC0-301F-11D3-BF4B-00C04F79EFBC}") = "AuthService.Application", "BackEndServices\AuthService.Application\AuthService.Application.csproj", "{920BEF4C-A5F9-498F-895A-8E77DB2BD8C0}"
EndProject
Project("{FAE04EC0-301F-11D3-BF4B-00C04F79EFBC}") = "AuthService.Infrastructure", "BackEndServices\AuthService.Infrastructure\AuthService.Infrastructure.csproj", "{CB9F51AD-8797-440B-9C3C-E1A55E4F24A7}"
EndProject
Project("{FAE04EC0-301F-11D3-BF4B-00C04F79EFBC}") = "OcelotApiGateway", "ApiGateways\OcelotApiGateway\OcelotApiGateway.csproj", "{9530B408-C9BB-4AD9-874E-A38438194809}"
EndProject
Global
	GlobalSection(SolutionConfigurationPlatforms) = preSolution
		Debug|Any CPU = Debug|Any CPU
		Release|Any CPU = Release|Any CPU
	EndGlobalSection
	GlobalSection(ProjectConfigurationPlatforms) = postSolution
		{3EABC37B-5FA1-429C-94F1-029FE59D7CB3}.Debug|Any CPU.ActiveCfg = Debug|Any CPU
		{3EABC37B-5FA1-429C-94F1-029FE59D7CB3}.Debug|Any CPU.Build.0 = Debug|Any CPU
		{3EABC37B-5FA1-429C-94F1-029FE59D7CB3}.Release|Any CPU.ActiveCfg = Release|Any CPU
		{3EABC37B-5FA1-429C-94F1-029FE59D7CB3}.Release|Any CPU.Build.0 = Release|Any CPU
		{593EDB07-DD81-4DD0-A9A9-77EEB6F7260E}.Debug|Any CPU.ActiveCfg = Debug|Any CPU
		{593EDB07-DD81-4DD0-A9A9-77EEB6F7260E}.Debug|Any CPU.Build.0 = Debug|Any CPU
		{593EDB07-DD81-4DD0-A9A9-77EEB6F7260E}.Release|Any CPU.ActiveCfg = Release|Any CPU
		{593EDB07-DD81-4DD0-A9A9-77EEB6F7260E}.Release|Any CPU.Build.0 = Release|Any CPU
		{920BEF4C-A5F9-498F-895A-8E77DB2BD8C0}.Debug|Any CPU.ActiveCfg = Debug|Any CPU
		{920BEF4C-A5F9-498F-895A-8E77DB2BD8C0}.Debug|Any CPU.Build.0 = Debug|Any CPU
		{920BEF4C-A5F9-498F-895A-8E77DB2BD8C0}.Release|Any CPU.ActiveCfg = Release|Any CPU
		{920BEF4C-A5F9-498F-895A-8E77DB2BD8C0}.Release|Any CPU.Build.0 = Release|Any CPU
		{CB9F51AD-8797-440B-9C3C-E1A55E4F24A7}.Debug|Any CPU.ActiveCfg = Debug|Any CPU
		{CB9F51AD-8797-440B-9C3C-E1A55E4F24A7}.Debug|Any CPU.Build.0 = Debug|Any CPU
		{CB9F51AD-8797-440B-9C3C-E1A55E4F24A7}.Release|Any CPU.ActiveCfg = Release|Any CPU
		{CB9F51AD-8797-440B-9C3C-E1A55E4F24A7}.Release|Any CPU.Build.0 = Release|Any CPU
		{9530B408-C9BB-4AD9-874E-A38438194809}.Debug|Any CPU.ActiveCfg = Debug|Any CPU
		{9530B408-C9BB-4AD9-874E-A38438194809}.Debug|Any CPU.Build.0 = Debug|Any CPU
		{9530B408-C9BB-4AD9-874E-A38438194809}.Release|Any CPU.ActiveCfg = Release|Any CPU
		{9530B408-C9BB-4AD9-874E-A38438194809}.Release|Any CPU.Build.0 = Release|Any CPU
	EndGlobalSection
	GlobalSection(SolutionProperties) = preSolution
		HideSolutionNode = FALSE
	EndGlobalSection
	GlobalSection(NestedProjects) = preSolution
		{9CDDB1CB-693B-44E8-827F-57C2398E2C9B} = {4DF31BD8-88C4-4EE6-A871-CE1F60F47C94}
		{3EABC37B-5FA1-429C-94F1-029FE59D7CB3} = {9CDDB1CB-693B-44E8-827F-57C2398E2C9B}
		{593EDB07-DD81-4DD0-A9A9-77EEB6F7260E} = {9CDDB1CB-693B-44E8-827F-57C2398E2C9B}
		{920BEF4C-A5F9-498F-895A-8E77DB2BD8C0} = {9CDDB1CB-693B-44E8-827F-57C2398E2C9B}
		{CB9F51AD-8797-440B-9C3C-E1A55E4F24A7} = {9CDDB1CB-693B-44E8-827F-57C2398E2C9B}
		{9530B408-C9BB-4AD9-874E-A38438194809} = {02EA681E-C7D8-13C7-8484-4AC65E1B71E8}
	EndGlobalSection
	GlobalSection(ExtensibilityGlobals) = postSolution
		SolutionGuid = {0B447D20-85F0-42FC-9316-E6D0E8CA5531}
	EndGlobalSection
EndGlobal
