
Microsoft Visual Studio Solution File, Format Version 12.00
# Visual Studio Version 17
VisualStudioVersion = 17.13.35913.81
MinimumVisualStudioVersion = 10.0.40219.1
Project("{2150E333-8FDC-42A3-9474-1A3956D46DE8}") = "BackendServices", "BackendServices", "{02EA681E-C7D8-13C7-8484-4AC65E1B71E8}"
EndProject
Project("{2150E333-8FDC-42A3-9474-1A3956D46DE8}") = "FrontendServices", "FrontendServices", "{2D9C79E1-5C61-4BDD-8622-3E16DB56D34E}"
EndProject
Project("{2150E333-8FDC-42A3-9474-1A3956D46DE8}") = "ApiGateways", "ApiGateways", "{4CA25BCE-5A3C-46AA-8F71-E371BE480B2E}"
EndProject
Project("{2150E333-8FDC-42A3-9474-1A3956D46DE8}") = "Pipelines", "Pipelines", "{4ABEBAE3-8542-4B89-BB5D-76C792CB4B37}"
EndProject
Project("{2150E333-8FDC-42A3-9474-1A3956D46DE8}") = "AuthService", "AuthService", "{2A3E486F-3D88-4D01-B848-0074E843D1C7}"
EndProject
Project("{FAE04EC0-301F-11D3-BF4B-00C04F79EFBC}") = "AuthService.Domain", "BackendServices\AuthService\AuthService.Domain\AuthService.Domain.csproj", "{4ECE7209-F7A5-451C-ACE5-96C9E9385750}"
EndProject
Project("{FAE04EC0-301F-11D3-BF4B-00C04F79EFBC}") = "AuthService.Infrastructure", "BackendServices\AuthService\AuthService.Infrastructure\AuthService.Infrastructure.csproj", "{21089180-05FD-4B0D-B182-19B13252EA9A}"
EndProject
Project("{FAE04EC0-301F-11D3-BF4B-00C04F79EFBC}") = "AuthService.API", "BackendServices\AuthService\AuthService.API\AuthService.API.csproj", "{05107F3F-B5B7-4656-9B91-A6B8BCF856AE}"
EndProject
Project("{FAE04EC0-301F-11D3-BF4B-00C04F79EFBC}") = "AuthService.Application", "BackendServices\AuthService\AuthService.Application\AuthService.Application.csproj", "{4240D97D-07A3-1BAC-DF10-06BD440FA388}"
EndProject
Project("{FAE04EC0-301F-11D3-BF4B-00C04F79EFBC}") = "OcelotApiGateway", "ApiGateways\OcelotApiGateway\OcelotApiGateway.csproj", "{8AFD1FC4-AAFA-4BC8-AB60-2B5C6048BD4B}"
EndProject
Project("{FAE04EC0-301F-11D3-BF4B-00C04F79EFBC}") = "eShopFlix.Web", "FrontendServices\eShopFlix.Web\eShopFlix.Web.csproj", "{C8657B04-9ECA-4DC2-AB02-88F8CA515886}"
EndProject
Project("{2150E333-8FDC-42A3-9474-1A3956D46DE8}") = "CatalogService", "CatalogService", "{2CEF8C85-F2C5-46E4-96B8-C5917CDE6D7C}"
EndProject
Project("{FAE04EC0-301F-11D3-BF4B-00C04F79EFBC}") = "CatalogService.Domain", "BackendServices\CatalogService\CatalogService.Domain\CatalogService.Domain.csproj", "{6E741C7A-9094-48B7-87ED-2043D083B887}"
EndProject
Project("{FAE04EC0-301F-11D3-BF4B-00C04F79EFBC}") = "CatalogService.Application", "BackendServices\CatalogService\CatalogService.Application\CatalogService.Application.csproj", "{BFBFFBA2-DF5C-4FB2-9B54-120E99375BC2}"
EndProject
Project("{FAE04EC0-301F-11D3-BF4B-00C04F79EFBC}") = "CatalogService.Infrastructure", "BackendServices\CatalogService\CatalogService.Infrastructure\CatalogService.Infrastructure.csproj", "{EE471ACF-22B1-4F6B-B8F8-A383318D9BBF}"
EndProject
Project("{FAE04EC0-301F-11D3-BF4B-00C04F79EFBC}") = "CatalogService.API", "BackendServices\CatalogService\CatalogService.API\CatalogService.API.csproj", "{9362A679-DE7C-4595-A1D1-A7D653408608}"
EndProject
Project("{FAE04EC0-301F-11D3-BF4B-00C04F79EFBC}") = "eShopFlix.Support", "FrontendServices\eShopFlix.Support\eShopFlix.Support.csproj", "{05B3C37E-41F4-837E-9CD9-8EA3CCE14EE4}"
EndProject
Project("{2150E333-8FDC-42A3-9474-1A3956D46DE8}") = "CartService", "CartService", "{A75A9923-407E-45D2-8994-8FE404CD8196}"
EndProject
Project("{FAE04EC0-301F-11D3-BF4B-00C04F79EFBC}") = "CartService.Domain", "BackendServices\CartService\CartService.Domain\CartService.Domain.csproj", "{CA775964-5B84-4423-94E2-6C1E71661757}"
EndProject
Project("{FAE04EC0-301F-11D3-BF4B-00C04F79EFBC}") = "CartService.Application", "BackendServices\CartService\CartService.Application\CartService.Application.csproj", "{8A0F07F5-813D-4839-A929-1181379C9A8D}"
EndProject
Project("{FAE04EC0-301F-11D3-BF4B-00C04F79EFBC}") = "CartService.Infrastructure", "BackendServices\CartService\CartService.Infrastructure\CartService.Infrastructure.csproj", "{31AF52CD-F154-4A0A-B0D1-91195356A68F}"
EndProject
Project("{FAE04EC0-301F-11D3-BF4B-00C04F79EFBC}") = "CartService.API", "BackendServices\CartService\CartService.API\CartService.API.csproj", "{ACA04E82-4A11-40EE-B9BA-424BF841772B}"
EndProject
Project("{2150E333-8FDC-42A3-9474-1A3956D46DE8}") = "PaymentService", "PaymentService", "{FAD80C96-6C7D-4F95-BA10-812A203B2B23}"
EndProject
Project("{FAE04EC0-301F-11D3-BF4B-00C04F79EFBC}") = "PaymentService.Domain", "BackendServices\PaymentService\PaymentService.Domain\PaymentService.Domain.csproj", "{13E43317-A1F1-487C-B0E0-FACA7858400D}"
EndProject
Project("{FAE04EC0-301F-11D3-BF4B-00C04F79EFBC}") = "PaymentService.Application", "BackendServices\PaymentService\PaymentService.Application\PaymentService.Application.csproj", "{45D0C609-83DE-4EC1-B614-0E61B674D3C0}"
EndProject
Project("{FAE04EC0-301F-11D3-BF4B-00C04F79EFBC}") = "PaymentService.API", "BackendServices\PaymentService\PaymentService.API\PaymentService.API.csproj", "{AF452F94-25C5-4E1C-9746-299DAB073587}"
EndProject
Project("{FAE04EC0-301F-11D3-BF4B-00C04F79EFBC}") = "PaymentService.Infrastructure", "BackendServices\PaymentService\PaymentService.Infrastructure\PaymentService.Infrastructure.csproj", "{199787E1-6EA2-48CC-A0D3-8047C0B012D0}"
EndProject
Global
	GlobalSection(SolutionConfigurationPlatforms) = preSolution
		Debug|Any CPU = Debug|Any CPU
		Release|Any CPU = Release|Any CPU
	EndGlobalSection
	GlobalSection(ProjectConfigurationPlatforms) = postSolution
		{4ECE7209-F7A5-451C-ACE5-96C9E9385750}.Debug|Any CPU.ActiveCfg = Debug|Any CPU
		{4ECE7209-F7A5-451C-ACE5-96C9E9385750}.Debug|Any CPU.Build.0 = Debug|Any CPU
		{4ECE7209-F7A5-451C-ACE5-96C9E9385750}.Release|Any CPU.ActiveCfg = Release|Any CPU
		{4ECE7209-F7A5-451C-ACE5-96C9E9385750}.Release|Any CPU.Build.0 = Release|Any CPU
		{21089180-05FD-4B0D-B182-19B13252EA9A}.Debug|Any CPU.ActiveCfg = Debug|Any CPU
		{21089180-05FD-4B0D-B182-19B13252EA9A}.Debug|Any CPU.Build.0 = Debug|Any CPU
		{21089180-05FD-4B0D-B182-19B13252EA9A}.Release|Any CPU.ActiveCfg = Release|Any CPU
		{21089180-05FD-4B0D-B182-19B13252EA9A}.Release|Any CPU.Build.0 = Release|Any CPU
		{05107F3F-B5B7-4656-9B91-A6B8BCF856AE}.Debug|Any CPU.ActiveCfg = Debug|Any CPU
		{05107F3F-B5B7-4656-9B91-A6B8BCF856AE}.Debug|Any CPU.Build.0 = Debug|Any CPU
		{05107F3F-B5B7-4656-9B91-A6B8BCF856AE}.Release|Any CPU.ActiveCfg = Release|Any CPU
		{05107F3F-B5B7-4656-9B91-A6B8BCF856AE}.Release|Any CPU.Build.0 = Release|Any CPU
		{4240D97D-07A3-1BAC-DF10-06BD440FA388}.Debug|Any CPU.ActiveCfg = Debug|Any CPU
		{4240D97D-07A3-1BAC-DF10-06BD440FA388}.Debug|Any CPU.Build.0 = Debug|Any CPU
		{4240D97D-07A3-1BAC-DF10-06BD440FA388}.Release|Any CPU.ActiveCfg = Release|Any CPU
		{4240D97D-07A3-1BAC-DF10-06BD440FA388}.Release|Any CPU.Build.0 = Release|Any CPU
		{8AFD1FC4-AAFA-4BC8-AB60-2B5C6048BD4B}.Debug|Any CPU.ActiveCfg = Debug|Any CPU
		{8AFD1FC4-AAFA-4BC8-AB60-2B5C6048BD4B}.Debug|Any CPU.Build.0 = Debug|Any CPU
		{8AFD1FC4-AAFA-4BC8-AB60-2B5C6048BD4B}.Release|Any CPU.ActiveCfg = Release|Any CPU
		{8AFD1FC4-AAFA-4BC8-AB60-2B5C6048BD4B}.Release|Any CPU.Build.0 = Release|Any CPU
		{C8657B04-9ECA-4DC2-AB02-88F8CA515886}.Debug|Any CPU.ActiveCfg = Debug|Any CPU
		{C8657B04-9ECA-4DC2-AB02-88F8CA515886}.Debug|Any CPU.Build.0 = Debug|Any CPU
		{C8657B04-9ECA-4DC2-AB02-88F8CA515886}.Release|Any CPU.ActiveCfg = Release|Any CPU
		{C8657B04-9ECA-4DC2-AB02-88F8CA515886}.Release|Any CPU.Build.0 = Release|Any CPU
		{6E741C7A-9094-48B7-87ED-2043D083B887}.Debug|Any CPU.ActiveCfg = Debug|Any CPU
		{6E741C7A-9094-48B7-87ED-2043D083B887}.Debug|Any CPU.Build.0 = Debug|Any CPU
		{6E741C7A-9094-48B7-87ED-2043D083B887}.Release|Any CPU.ActiveCfg = Release|Any CPU
		{6E741C7A-9094-48B7-87ED-2043D083B887}.Release|Any CPU.Build.0 = Release|Any CPU
		{BFBFFBA2-DF5C-4FB2-9B54-120E99375BC2}.Debug|Any CPU.ActiveCfg = Debug|Any CPU
		{BFBFFBA2-DF5C-4FB2-9B54-120E99375BC2}.Debug|Any CPU.Build.0 = Debug|Any CPU
		{BFBFFBA2-DF5C-4FB2-9B54-120E99375BC2}.Release|Any CPU.ActiveCfg = Release|Any CPU
		{BFBFFBA2-DF5C-4FB2-9B54-120E99375BC2}.Release|Any CPU.Build.0 = Release|Any CPU
		{EE471ACF-22B1-4F6B-B8F8-A383318D9BBF}.Debug|Any CPU.ActiveCfg = Debug|Any CPU
		{EE471ACF-22B1-4F6B-B8F8-A383318D9BBF}.Debug|Any CPU.Build.0 = Debug|Any CPU
		{EE471ACF-22B1-4F6B-B8F8-A383318D9BBF}.Release|Any CPU.ActiveCfg = Release|Any CPU
		{EE471ACF-22B1-4F6B-B8F8-A383318D9BBF}.Release|Any CPU.Build.0 = Release|Any CPU
		{9362A679-DE7C-4595-A1D1-A7D653408608}.Debug|Any CPU.ActiveCfg = Debug|Any CPU
		{9362A679-DE7C-4595-A1D1-A7D653408608}.Debug|Any CPU.Build.0 = Debug|Any CPU
		{9362A679-DE7C-4595-A1D1-A7D653408608}.Release|Any CPU.ActiveCfg = Release|Any CPU
		{9362A679-DE7C-4595-A1D1-A7D653408608}.Release|Any CPU.Build.0 = Release|Any CPU
		{05B3C37E-41F4-837E-9CD9-8EA3CCE14EE4}.Debug|Any CPU.ActiveCfg = Debug|Any CPU
		{05B3C37E-41F4-837E-9CD9-8EA3CCE14EE4}.Debug|Any CPU.Build.0 = Debug|Any CPU
		{05B3C37E-41F4-837E-9CD9-8EA3CCE14EE4}.Release|Any CPU.ActiveCfg = Release|Any CPU
		{05B3C37E-41F4-837E-9CD9-8EA3CCE14EE4}.Release|Any CPU.Build.0 = Release|Any CPU
		{CA775964-5B84-4423-94E2-6C1E71661757}.Debug|Any CPU.ActiveCfg = Debug|Any CPU
		{CA775964-5B84-4423-94E2-6C1E71661757}.Debug|Any CPU.Build.0 = Debug|Any CPU
		{CA775964-5B84-4423-94E2-6C1E71661757}.Release|Any CPU.ActiveCfg = Release|Any CPU
		{CA775964-5B84-4423-94E2-6C1E71661757}.Release|Any CPU.Build.0 = Release|Any CPU
		{8A0F07F5-813D-4839-A929-1181379C9A8D}.Debug|Any CPU.ActiveCfg = Debug|Any CPU
		{8A0F07F5-813D-4839-A929-1181379C9A8D}.Debug|Any CPU.Build.0 = Debug|Any CPU
		{8A0F07F5-813D-4839-A929-1181379C9A8D}.Release|Any CPU.ActiveCfg = Release|Any CPU
		{8A0F07F5-813D-4839-A929-1181379C9A8D}.Release|Any CPU.Build.0 = Release|Any CPU
		{31AF52CD-F154-4A0A-B0D1-91195356A68F}.Debug|Any CPU.ActiveCfg = Debug|Any CPU
		{31AF52CD-F154-4A0A-B0D1-91195356A68F}.Debug|Any CPU.Build.0 = Debug|Any CPU
		{31AF52CD-F154-4A0A-B0D1-91195356A68F}.Release|Any CPU.ActiveCfg = Release|Any CPU
		{31AF52CD-F154-4A0A-B0D1-91195356A68F}.Release|Any CPU.Build.0 = Release|Any CPU
		{ACA04E82-4A11-40EE-B9BA-424BF841772B}.Debug|Any CPU.ActiveCfg = Debug|Any CPU
		{ACA04E82-4A11-40EE-B9BA-424BF841772B}.Debug|Any CPU.Build.0 = Debug|Any CPU
		{ACA04E82-4A11-40EE-B9BA-424BF841772B}.Release|Any CPU.ActiveCfg = Release|Any CPU
		{ACA04E82-4A11-40EE-B9BA-424BF841772B}.Release|Any CPU.Build.0 = Release|Any CPU
		{13E43317-A1F1-487C-B0E0-FACA7858400D}.Debug|Any CPU.ActiveCfg = Debug|Any CPU
		{13E43317-A1F1-487C-B0E0-FACA7858400D}.Debug|Any CPU.Build.0 = Debug|Any CPU
		{13E43317-A1F1-487C-B0E0-FACA7858400D}.Release|Any CPU.ActiveCfg = Release|Any CPU
		{13E43317-A1F1-487C-B0E0-FACA7858400D}.Release|Any CPU.Build.0 = Release|Any CPU
		{45D0C609-83DE-4EC1-B614-0E61B674D3C0}.Debug|Any CPU.ActiveCfg = Debug|Any CPU
		{45D0C609-83DE-4EC1-B614-0E61B674D3C0}.Debug|Any CPU.Build.0 = Debug|Any CPU
		{45D0C609-83DE-4EC1-B614-0E61B674D3C0}.Release|Any CPU.ActiveCfg = Release|Any CPU
		{45D0C609-83DE-4EC1-B614-0E61B674D3C0}.Release|Any CPU.Build.0 = Release|Any CPU
		{AF452F94-25C5-4E1C-9746-299DAB073587}.Debug|Any CPU.ActiveCfg = Debug|Any CPU
		{AF452F94-25C5-4E1C-9746-299DAB073587}.Debug|Any CPU.Build.0 = Debug|Any CPU
		{AF452F94-25C5-4E1C-9746-299DAB073587}.Release|Any CPU.ActiveCfg = Release|Any CPU
		{AF452F94-25C5-4E1C-9746-299DAB073587}.Release|Any CPU.Build.0 = Release|Any CPU
		{199787E1-6EA2-48CC-A0D3-8047C0B012D0}.Debug|Any CPU.ActiveCfg = Debug|Any CPU
		{199787E1-6EA2-48CC-A0D3-8047C0B012D0}.Debug|Any CPU.Build.0 = Debug|Any CPU
		{199787E1-6EA2-48CC-A0D3-8047C0B012D0}.Release|Any CPU.ActiveCfg = Release|Any CPU
		{199787E1-6EA2-48CC-A0D3-8047C0B012D0}.Release|Any CPU.Build.0 = Release|Any CPU
	EndGlobalSection
	GlobalSection(SolutionProperties) = preSolution
		HideSolutionNode = FALSE
	EndGlobalSection
	GlobalSection(NestedProjects) = preSolution
		{2A3E486F-3D88-4D01-B848-0074E843D1C7} = {02EA681E-C7D8-13C7-8484-4AC65E1B71E8}
		{4ECE7209-F7A5-451C-ACE5-96C9E9385750} = {2A3E486F-3D88-4D01-B848-0074E843D1C7}
		{21089180-05FD-4B0D-B182-19B13252EA9A} = {2A3E486F-3D88-4D01-B848-0074E843D1C7}
		{05107F3F-B5B7-4656-9B91-A6B8BCF856AE} = {2A3E486F-3D88-4D01-B848-0074E843D1C7}
		{4240D97D-07A3-1BAC-DF10-06BD440FA388} = {2A3E486F-3D88-4D01-B848-0074E843D1C7}
		{8AFD1FC4-AAFA-4BC8-AB60-2B5C6048BD4B} = {4CA25BCE-5A3C-46AA-8F71-E371BE480B2E}
		{C8657B04-9ECA-4DC2-AB02-88F8CA515886} = {2D9C79E1-5C61-4BDD-8622-3E16DB56D34E}
		{2CEF8C85-F2C5-46E4-96B8-C5917CDE6D7C} = {02EA681E-C7D8-13C7-8484-4AC65E1B71E8}
		{6E741C7A-9094-48B7-87ED-2043D083B887} = {2CEF8C85-F2C5-46E4-96B8-C5917CDE6D7C}
		{BFBFFBA2-DF5C-4FB2-9B54-120E99375BC2} = {2CEF8C85-F2C5-46E4-96B8-C5917CDE6D7C}
		{EE471ACF-22B1-4F6B-B8F8-A383318D9BBF} = {2CEF8C85-F2C5-46E4-96B8-C5917CDE6D7C}
		{9362A679-DE7C-4595-A1D1-A7D653408608} = {2CEF8C85-F2C5-46E4-96B8-C5917CDE6D7C}
		{05B3C37E-41F4-837E-9CD9-8EA3CCE14EE4} = {2D9C79E1-5C61-4BDD-8622-3E16DB56D34E}
		{A75A9923-407E-45D2-8994-8FE404CD8196} = {02EA681E-C7D8-13C7-8484-4AC65E1B71E8}
		{CA775964-5B84-4423-94E2-6C1E71661757} = {A75A9923-407E-45D2-8994-8FE404CD8196}
		{8A0F07F5-813D-4839-A929-1181379C9A8D} = {A75A9923-407E-45D2-8994-8FE404CD8196}
		{31AF52CD-F154-4A0A-B0D1-91195356A68F} = {A75A9923-407E-45D2-8994-8FE404CD8196}
		{ACA04E82-4A11-40EE-B9BA-424BF841772B} = {A75A9923-407E-45D2-8994-8FE404CD8196}
		{FAD80C96-6C7D-4F95-BA10-812A203B2B23} = {02EA681E-C7D8-13C7-8484-4AC65E1B71E8}
		{13E43317-A1F1-487C-B0E0-FACA7858400D} = {FAD80C96-6C7D-4F95-BA10-812A203B2B23}
		{45D0C609-83DE-4EC1-B614-0E61B674D3C0} = {FAD80C96-6C7D-4F95-BA10-812A203B2B23}
		{AF452F94-25C5-4E1C-9746-299DAB073587} = {FAD80C96-6C7D-4F95-BA10-812A203B2B23}
		{199787E1-6EA2-48CC-A0D3-8047C0B012D0} = {FAD80C96-6C7D-4F95-BA10-812A203B2B23}
	EndGlobalSection
	GlobalSection(ExtensibilityGlobals) = postSolution
		SolutionGuid = {2A06358A-3B91-4F89-AE46-C8557425C739}
	EndGlobalSection
EndGlobal
